// !$*UTF8*$!
{
	archiveVersion = 1;
	classes = {
	};
	objectVersion = 56;
	objects = {

/* Begin PBXBuildFile section */
		BA17316E294AB83600791A9D /* panel1.usdz in Resources */ = {isa = PBXBuildFile; fileRef = BA17316D294AB83600791A9D /* panel1.usdz */; };
		BA173170294B018D00791A9D /* Angle.swift in Sources */ = {isa = PBXBuildFile; fileRef = BA17316F294B018D00791A9D /* Angle.swift */; };
		BA173173294B1ABE00791A9D /* CustomShader.metal in Sources */ = {isa = PBXBuildFile; fileRef = BA173172294B1ABE00791A9D /* CustomShader.metal */; };
		BA4A1EDE294855C300AD3ADB /* arwallpictureApp.swift in Sources */ = {isa = PBXBuildFile; fileRef = BA4A1EDD294855C300AD3ADB /* arwallpictureApp.swift */; };
		BA4A1EE2294855C300AD3ADB /* Assets.xcassets in Resources */ = {isa = PBXBuildFile; fileRef = BA4A1EE1294855C300AD3ADB /* Assets.xcassets */; };
		BA4A1EE5294855C300AD3ADB /* Preview Assets.xcassets in Resources */ = {isa = PBXBuildFile; fileRef = BA4A1EE4294855C300AD3ADB /* Preview Assets.xcassets */; };
		BA4A1EEE2948734200AD3ADB /* HomeView.swift in Sources */ = {isa = PBXBuildFile; fileRef = BA4A1EED2948734200AD3ADB /* HomeView.swift */; };
		BA4A1EF82948745B00AD3ADB /* Log.swift in Sources */ = {isa = PBXBuildFile; fileRef = BA4A1EF72948745B00AD3ADB /* Log.swift */; };
		BA4A1EFA2948747C00AD3ADB /* Bundle+extensions.swift in Sources */ = {isa = PBXBuildFile; fileRef = BA4A1EF92948747C00AD3ADB /* Bundle+extensions.swift */; };
		BA4A1EFC294874B200AD3ADB /* AppConstant.swift in Sources */ = {isa = PBXBuildFile; fileRef = BA4A1EFB294874B200AD3ADB /* AppConstant.swift */; };
		BA4A1EFE294875CA00AD3ADB /* AssetManager.swift in Sources */ = {isa = PBXBuildFile; fileRef = BA4A1EFD294875CA00AD3ADB /* AssetManager.swift */; };
		BA4A1F002948767D00AD3ADB /* AppState.swift in Sources */ = {isa = PBXBuildFile; fileRef = BA4A1EFF2948767D00AD3ADB /* AppState.swift */; };
		BA4A1F022948788A00AD3ADB /* ImageListView.swift in Sources */ = {isa = PBXBuildFile; fileRef = BA4A1F012948788A00AD3ADB /* ImageListView.swift */; };
		BA4A1F04294879AF00AD3ADB /* SettingsView.swift in Sources */ = {isa = PBXBuildFile; fileRef = BA4A1F03294879AF00AD3ADB /* SettingsView.swift */; };
		BA4A1F0629487AF000AD3ADB /* ARContentView.swift in Sources */ = {isa = PBXBuildFile; fileRef = BA4A1F0529487AF000AD3ADB /* ARContentView.swift */; };
		BA4A1F0829487B4800AD3ADB /* ARContainerView.swift in Sources */ = {isa = PBXBuildFile; fileRef = BA4A1F0729487B4800AD3ADB /* ARContainerView.swift */; };
		BA4A1F0A29487B9A00AD3ADB /* ARViewController.swift in Sources */ = {isa = PBXBuildFile; fileRef = BA4A1F0929487B9A00AD3ADB /* ARViewController.swift */; };
/* End PBXBuildFile section */

/* Begin PBXFileReference section */
		BA01CAF0294D2AD800C89D87 /* README.md */ = {isa = PBXFileReference; lastKnownFileType = net.daringfireball.markdown; path = README.md; sourceTree = "<group>"; };
		BA17316D294AB83600791A9D /* panel1.usdz */ = {isa = PBXFileReference; lastKnownFileType = file.usdz; path = panel1.usdz; sourceTree = "<group>"; };
		BA17316F294B018D00791A9D /* Angle.swift */ = {isa = PBXFileReference; lastKnownFileType = sourcecode.swift; path = Angle.swift; sourceTree = "<group>"; };
		BA173172294B1ABE00791A9D /* CustomShader.metal */ = {isa = PBXFileReference; lastKnownFileType = sourcecode.metal; path = CustomShader.metal; sourceTree = "<group>"; };
		BA4A1EDA294855C300AD3ADB /* arwallpicture.app */ = {isa = PBXFileReference; explicitFileType = wrapper.application; includeInIndex = 0; path = arwallpicture.app; sourceTree = BUILT_PRODUCTS_DIR; };
		BA4A1EDD294855C300AD3ADB /* arwallpictureApp.swift */ = {isa = PBXFileReference; lastKnownFileType = sourcecode.swift; path = arwallpictureApp.swift; sourceTree = "<group>"; };
		BA4A1EE1294855C300AD3ADB /* Assets.xcassets */ = {isa = PBXFileReference; lastKnownFileType = folder.assetcatalog; path = Assets.xcassets; sourceTree = "<group>"; };
		BA4A1EE4294855C300AD3ADB /* Preview Assets.xcassets */ = {isa = PBXFileReference; lastKnownFileType = folder.assetcatalog; path = "Preview Assets.xcassets"; sourceTree = "<group>"; };
		BA4A1EEC29485A2000AD3ADB /* Info.plist */ = {isa = PBXFileReference; lastKnownFileType = text.plist; path = Info.plist; sourceTree = "<group>"; };
		BA4A1EED2948734200AD3ADB /* HomeView.swift */ = {isa = PBXFileReference; lastKnownFileType = sourcecode.swift; path = HomeView.swift; sourceTree = "<group>"; };
		BA4A1EF72948745B00AD3ADB /* Log.swift */ = {isa = PBXFileReference; lastKnownFileType = sourcecode.swift; path = Log.swift; sourceTree = "<group>"; };
		BA4A1EF92948747C00AD3ADB /* Bundle+extensions.swift */ = {isa = PBXFileReference; lastKnownFileType = sourcecode.swift; path = "Bundle+extensions.swift"; sourceTree = "<group>"; };
		BA4A1EFB294874B200AD3ADB /* AppConstant.swift */ = {isa = PBXFileReference; lastKnownFileType = sourcecode.swift; path = AppConstant.swift; sourceTree = "<group>"; };
		BA4A1EFD294875CA00AD3ADB /* AssetManager.swift */ = {isa = PBXFileReference; lastKnownFileType = sourcecode.swift; path = AssetManager.swift; sourceTree = "<group>"; };
		BA4A1EFF2948767D00AD3ADB /* AppState.swift */ = {isa = PBXFileReference; lastKnownFileType = sourcecode.swift; path = AppState.swift; sourceTree = "<group>"; };
		BA4A1F012948788A00AD3ADB /* ImageListView.swift */ = {isa = PBXFileReference; lastKnownFileType = sourcecode.swift; path = ImageListView.swift; sourceTree = "<group>"; };
		BA4A1F03294879AF00AD3ADB /* SettingsView.swift */ = {isa = PBXFileReference; lastKnownFileType = sourcecode.swift; path = SettingsView.swift; sourceTree = "<group>"; };
		BA4A1F0529487AF000AD3ADB /* ARContentView.swift */ = {isa = PBXFileReference; lastKnownFileType = sourcecode.swift; path = ARContentView.swift; sourceTree = "<group>"; };
		BA4A1F0729487B4800AD3ADB /* ARContainerView.swift */ = {isa = PBXFileReference; lastKnownFileType = sourcecode.swift; path = ARContainerView.swift; sourceTree = "<group>"; };
		BA4A1F0929487B9A00AD3ADB /* ARViewController.swift */ = {isa = PBXFileReference; lastKnownFileType = sourcecode.swift; path = ARViewController.swift; sourceTree = "<group>"; };
/* End PBXFileReference section */

/* Begin PBXFrameworksBuildPhase section */
		BA4A1ED7294855C300AD3ADB /* Frameworks */ = {
			isa = PBXFrameworksBuildPhase;
			buildActionMask = 2147483647;
			files = (
			);
			runOnlyForDeploymentPostprocessing = 0;
		};
/* End PBXFrameworksBuildPhase section */

/* Begin PBXGroup section */
		BA173171294B1A9B00791A9D /* Shader */ = {
			isa = PBXGroup;
			children = (
				BA173172294B1ABE00791A9D /* CustomShader.metal */,
			);
			path = Shader;
			sourceTree = "<group>";
		};
		BA4A1ED1294855C300AD3ADB = {
			isa = PBXGroup;
			children = (
				BA01CAF0294D2AD800C89D87 /* README.md */,
				BA4A1EDC294855C300AD3ADB /* arwallpicture */,
				BA4A1EDB294855C300AD3ADB /* Products */,
			);
			sourceTree = "<group>";
		};
		BA4A1EDB294855C300AD3ADB /* Products */ = {
			isa = PBXGroup;
			children = (
				BA4A1EDA294855C300AD3ADB /* arwallpicture.app */,
			);
			name = Products;
			sourceTree = "<group>";
		};
		BA4A1EDC294855C300AD3ADB /* arwallpicture */ = {
			isa = PBXGroup;
			children = (
				BA4A1EF12948739B00AD3ADB /* Assets */,
				BA4A1EEF2948734B00AD3ADB /* App */,
				BA4A1EF2294873BD00AD3ADB /* Managers */,
				BA4A1EF3294873DF00AD3ADB /* AppState */,
				BA4A1EF02948736300AD3ADB /* Views */,
				BA173171294B1A9B00791A9D /* Shader */,
				BA4A1EF62948743800AD3ADB /* Utilities */,
				BA4A1EEC29485A2000AD3ADB /* Info.plist */,
				BA4A1EE1294855C300AD3ADB /* Assets.xcassets */,
				BA4A1EE3294855C300AD3ADB /* Preview Content */,
			);
			path = arwallpicture;
			sourceTree = "<group>";
		};
		BA4A1EE3294855C300AD3ADB /* Preview Content */ = {
			isa = PBXGroup;
			children = (
				BA4A1EE4294855C300AD3ADB /* Preview Assets.xcassets */,
			);
			path = "Preview Content";
			sourceTree = "<group>";
		};
		BA4A1EEF2948734B00AD3ADB /* App */ = {
			isa = PBXGroup;
			children = (
				BA4A1EDD294855C300AD3ADB /* arwallpictureApp.swift */,
				BA4A1EFB294874B200AD3ADB /* AppConstant.swift */,
			);
			path = App;
			sourceTree = "<group>";
		};
		BA4A1EF02948736300AD3ADB /* Views */ = {
			isa = PBXGroup;
			children = (
				BA4A1EF42948741000AD3ADB /* Home Views */,
				BA4A1EF52948742200AD3ADB /* AR Views */,
			);
			path = Views;
			sourceTree = "<group>";
		};
		BA4A1EF12948739B00AD3ADB /* Assets */ = {
			isa = PBXGroup;
			children = (
				BA17316D294AB83600791A9D /* panel1.usdz */,
			);
			path = Assets;
			sourceTree = "<group>";
		};
		BA4A1EF2294873BD00AD3ADB /* Managers */ = {
			isa = PBXGroup;
			children = (
				BA4A1EFD294875CA00AD3ADB /* AssetManager.swift */,
			);
			path = Managers;
			sourceTree = "<group>";
		};
		BA4A1EF3294873DF00AD3ADB /* AppState */ = {
			isa = PBXGroup;
			children = (
				BA4A1EFF2948767D00AD3ADB /* AppState.swift */,
			);
			path = AppState;
			sourceTree = "<group>";
		};
		BA4A1EF42948741000AD3ADB /* Home Views */ = {
			isa = PBXGroup;
			children = (
				BA4A1EED2948734200AD3ADB /* HomeView.swift */,
				BA4A1F012948788A00AD3ADB /* ImageListView.swift */,
				BA4A1F03294879AF00AD3ADB /* SettingsView.swift */,
			);
			path = "Home Views";
			sourceTree = "<group>";
		};
		BA4A1EF52948742200AD3ADB /* AR Views */ = {
			isa = PBXGroup;
			children = (
				BA4A1F0529487AF000AD3ADB /* ARContentView.swift */,
				BA4A1F0729487B4800AD3ADB /* ARContainerView.swift */,
				BA4A1F0929487B9A00AD3ADB /* ARViewController.swift */,
			);
			path = "AR Views";
			sourceTree = "<group>";
		};
		BA4A1EF62948743800AD3ADB /* Utilities */ = {
			isa = PBXGroup;
			children = (
				BA4A1EF72948745B00AD3ADB /* Log.swift */,
				BA4A1EF92948747C00AD3ADB /* Bundle+extensions.swift */,
				BA17316F294B018D00791A9D /* Angle.swift */,
			);
			path = Utilities;
			sourceTree = "<group>";
		};
/* End PBXGroup section */

/* Begin PBXNativeTarget section */
		BA4A1ED9294855C300AD3ADB /* arwallpicture */ = {
			isa = PBXNativeTarget;
			buildConfigurationList = BA4A1EE8294855C300AD3ADB /* Build configuration list for PBXNativeTarget "arwallpicture" */;
			buildPhases = (
				BA4A1ED6294855C300AD3ADB /* Sources */,
				BA4A1ED7294855C300AD3ADB /* Frameworks */,
				BA4A1ED8294855C300AD3ADB /* Resources */,
				BA4A1EEB2948563500AD3ADB /* ShellScript */,
			);
			buildRules = (
			);
			dependencies = (
			);
			name = arwallpicture;
			productName = arwallpicture;
			productReference = BA4A1EDA294855C300AD3ADB /* arwallpicture.app */;
			productType = "com.apple.product-type.application";
		};
/* End PBXNativeTarget section */

/* Begin PBXProject section */
		BA4A1ED2294855C300AD3ADB /* Project object */ = {
			isa = PBXProject;
			attributes = {
				BuildIndependentTargetsInParallel = 1;
				LastSwiftUpdateCheck = 1420;
				LastUpgradeCheck = 1420;
				TargetAttributes = {
					BA4A1ED9294855C300AD3ADB = {
						CreatedOnToolsVersion = 14.2;
					};
				};
			};
			buildConfigurationList = BA4A1ED5294855C300AD3ADB /* Build configuration list for PBXProject "arwallpicture" */;
			compatibilityVersion = "Xcode 14.0";
			developmentRegion = en;
			hasScannedForEncodings = 0;
			knownRegions = (
				en,
				Base,
			);
			mainGroup = BA4A1ED1294855C300AD3ADB;
			productRefGroup = BA4A1EDB294855C300AD3ADB /* Products */;
			projectDirPath = "";
			projectRoot = "";
			targets = (
				BA4A1ED9294855C300AD3ADB /* arwallpicture */,
			);
		};
/* End PBXProject section */

/* Begin PBXResourcesBuildPhase section */
		BA4A1ED8294855C300AD3ADB /* Resources */ = {
			isa = PBXResourcesBuildPhase;
			buildActionMask = 2147483647;
			files = (
				BA4A1EE5294855C300AD3ADB /* Preview Assets.xcassets in Resources */,
				BA4A1EE2294855C300AD3ADB /* Assets.xcassets in Resources */,
				BA17316E294AB83600791A9D /* panel1.usdz in Resources */,
			);
			runOnlyForDeploymentPostprocessing = 0;
		};
/* End PBXResourcesBuildPhase section */

/* Begin PBXShellScriptBuildPhase section */
		BA4A1EEB2948563500AD3ADB /* ShellScript */ = {
			isa = PBXShellScriptBuildPhase;
			alwaysOutOfDate = 1;
			buildActionMask = 2147483647;
			files = (
			);
			inputFileListPaths = (
			);
			inputPaths = (
			);
			outputFileListPaths = (
			);
			outputPaths = (
			);
			runOnlyForDeploymentPostprocessing = 0;
			shellPath = /bin/sh;
			shellScript = "# Adds support for Apple Silicon brew directory\nexport PATH=\"$PATH:/opt/homebrew/bin\"\n\nif which swiftlint >/dev/null; then\n  swiftlint\nelse\n  echo \"warning: SwiftLint not installed.\"\nfi\n";
		};
/* End PBXShellScriptBuildPhase section */

/* Begin PBXSourcesBuildPhase section */
		BA4A1ED6294855C300AD3ADB /* Sources */ = {
			isa = PBXSourcesBuildPhase;
			buildActionMask = 2147483647;
			files = (
				BA4A1F022948788A00AD3ADB /* ImageListView.swift in Sources */,
				BA4A1EEE2948734200AD3ADB /* HomeView.swift in Sources */,
				BA4A1EFC294874B200AD3ADB /* AppConstant.swift in Sources */,
				BA4A1F0A29487B9A00AD3ADB /* ARViewController.swift in Sources */,
				BA4A1F0629487AF000AD3ADB /* ARContentView.swift in Sources */,
				BA4A1F04294879AF00AD3ADB /* SettingsView.swift in Sources */,
				BA4A1F0829487B4800AD3ADB /* ARContainerView.swift in Sources */,
				BA4A1F002948767D00AD3ADB /* AppState.swift in Sources */,
				BA173170294B018D00791A9D /* Angle.swift in Sources */,
				BA4A1EDE294855C300AD3ADB /* arwallpictureApp.swift in Sources */,
				BA4A1EF82948745B00AD3ADB /* Log.swift in Sources */,
				BA173173294B1ABE00791A9D /* CustomShader.metal in Sources */,
				BA4A1EFE294875CA00AD3ADB /* AssetManager.swift in Sources */,
				BA4A1EFA2948747C00AD3ADB /* Bundle+extensions.swift in Sources */,
			);
			runOnlyForDeploymentPostprocessing = 0;
		};
/* End PBXSourcesBuildPhase section */

/* Begin XCBuildConfiguration section */
		BA4A1EE6294855C300AD3ADB /* Debug */ = {
			isa = XCBuildConfiguration;
			buildSettings = {
				ALWAYS_SEARCH_USER_PATHS = NO;
				CLANG_ANALYZER_NONNULL = YES;
				CLANG_ANALYZER_NUMBER_OBJECT_CONVERSION = YES_AGGRESSIVE;
				CLANG_CXX_LANGUAGE_STANDARD = "gnu++20";
				CLANG_ENABLE_MODULES = YES;
				CLANG_ENABLE_OBJC_ARC = YES;
				CLANG_ENABLE_OBJC_WEAK = YES;
				CLANG_WARN_BLOCK_CAPTURE_AUTORELEASING = YES;
				CLANG_WARN_BOOL_CONVERSION = YES;
				CLANG_WARN_COMMA = YES;
				CLANG_WARN_CONSTANT_CONVERSION = YES;
				CLANG_WARN_DEPRECATED_OBJC_IMPLEMENTATIONS = YES;
				CLANG_WARN_DIRECT_OBJC_ISA_USAGE = YES_ERROR;
				CLANG_WARN_DOCUMENTATION_COMMENTS = YES;
				CLANG_WARN_EMPTY_BODY = YES;
				CLANG_WARN_ENUM_CONVERSION = YES;
				CLANG_WARN_INFINITE_RECURSION = YES;
				CLANG_WARN_INT_CONVERSION = YES;
				CLANG_WARN_NON_LITERAL_NULL_CONVERSION = YES;
				CLANG_WARN_OBJC_IMPLICIT_RETAIN_SELF = YES;
				CLANG_WARN_OBJC_LITERAL_CONVERSION = YES;
				CLANG_WARN_OBJC_ROOT_CLASS = YES_ERROR;
				CLANG_WARN_QUOTED_INCLUDE_IN_FRAMEWORK_HEADER = YES;
				CLANG_WARN_RANGE_LOOP_ANALYSIS = YES;
				CLANG_WARN_STRICT_PROTOTYPES = YES;
				CLANG_WARN_SUSPICIOUS_MOVE = YES;
				CLANG_WARN_UNGUARDED_AVAILABILITY = YES_AGGRESSIVE;
				CLANG_WARN_UNREACHABLE_CODE = YES;
				CLANG_WARN__DUPLICATE_METHOD_MATCH = YES;
				COPY_PHASE_STRIP = NO;
				DEBUG_INFORMATION_FORMAT = dwarf;
				ENABLE_STRICT_OBJC_MSGSEND = YES;
				ENABLE_TESTABILITY = YES;
				GCC_C_LANGUAGE_STANDARD = gnu11;
				GCC_DYNAMIC_NO_PIC = NO;
				GCC_NO_COMMON_BLOCKS = YES;
				GCC_OPTIMIZATION_LEVEL = 0;
				GCC_PREPROCESSOR_DEFINITIONS = (
					"DEBUG=1",
					"$(inherited)",
				);
				GCC_WARN_64_TO_32_BIT_CONVERSION = YES;
				GCC_WARN_ABOUT_RETURN_TYPE = YES_ERROR;
				GCC_WARN_UNDECLARED_SELECTOR = YES;
				GCC_WARN_UNINITIALIZED_AUTOS = YES_AGGRESSIVE;
				GCC_WARN_UNUSED_FUNCTION = YES;
				GCC_WARN_UNUSED_VARIABLE = YES;
				IPHONEOS_DEPLOYMENT_TARGET = 16.2;
				MTL_ENABLE_DEBUG_INFO = INCLUDE_SOURCE;
				MTL_FAST_MATH = YES;
				ONLY_ACTIVE_ARCH = YES;
				SDKROOT = iphoneos;
				SWIFT_ACTIVE_COMPILATION_CONDITIONS = DEBUG;
				SWIFT_OPTIMIZATION_LEVEL = "-Onone";
			};
			name = Debug;
		};
		BA4A1EE7294855C300AD3ADB /* Release */ = {
			isa = XCBuildConfiguration;
			buildSettings = {
				ALWAYS_SEARCH_USER_PATHS = NO;
				CLANG_ANALYZER_NONNULL = YES;
				CLANG_ANALYZER_NUMBER_OBJECT_CONVERSION = YES_AGGRESSIVE;
				CLANG_CXX_LANGUAGE_STANDARD = "gnu++20";
				CLANG_ENABLE_MODULES = YES;
				CLANG_ENABLE_OBJC_ARC = YES;
				CLANG_ENABLE_OBJC_WEAK = YES;
				CLANG_WARN_BLOCK_CAPTURE_AUTORELEASING = YES;
				CLANG_WARN_BOOL_CONVERSION = YES;
				CLANG_WARN_COMMA = YES;
				CLANG_WARN_CONSTANT_CONVERSION = YES;
				CLANG_WARN_DEPRECATED_OBJC_IMPLEMENTATIONS = YES;
				CLANG_WARN_DIRECT_OBJC_ISA_USAGE = YES_ERROR;
				CLANG_WARN_DOCUMENTATION_COMMENTS = YES;
				CLANG_WARN_EMPTY_BODY = YES;
				CLANG_WARN_ENUM_CONVERSION = YES;
				CLANG_WARN_INFINITE_RECURSION = YES;
				CLANG_WARN_INT_CONVERSION = YES;
				CLANG_WARN_NON_LITERAL_NULL_CONVERSION = YES;
				CLANG_WARN_OBJC_IMPLICIT_RETAIN_SELF = YES;
				CLANG_WARN_OBJC_LITERAL_CONVERSION = YES;
				CLANG_WARN_OBJC_ROOT_CLASS = YES_ERROR;
				CLANG_WARN_QUOTED_INCLUDE_IN_FRAMEWORK_HEADER = YES;
				CLANG_WARN_RANGE_LOOP_ANALYSIS = YES;
				CLANG_WARN_STRICT_PROTOTYPES = YES;
				CLANG_WARN_SUSPICIOUS_MOVE = YES;
				CLANG_WARN_UNGUARDED_AVAILABILITY = YES_AGGRESSIVE;
				CLANG_WARN_UNREACHABLE_CODE = YES;
				CLANG_WARN__DUPLICATE_METHOD_MATCH = YES;
				COPY_PHASE_STRIP = NO;
				DEBUG_INFORMATION_FORMAT = "dwarf-with-dsym";
				ENABLE_NS_ASSERTIONS = NO;
				ENABLE_STRICT_OBJC_MSGSEND = YES;
				GCC_C_LANGUAGE_STANDARD = gnu11;
				GCC_NO_COMMON_BLOCKS = YES;
				GCC_WARN_64_TO_32_BIT_CONVERSION = YES;
				GCC_WARN_ABOUT_RETURN_TYPE = YES_ERROR;
				GCC_WARN_UNDECLARED_SELECTOR = YES;
				GCC_WARN_UNINITIALIZED_AUTOS = YES_AGGRESSIVE;
				GCC_WARN_UNUSED_FUNCTION = YES;
				GCC_WARN_UNUSED_VARIABLE = YES;
				IPHONEOS_DEPLOYMENT_TARGET = 16.2;
				MTL_ENABLE_DEBUG_INFO = NO;
				MTL_FAST_MATH = YES;
				SDKROOT = iphoneos;
				SWIFT_COMPILATION_MODE = wholemodule;
				SWIFT_OPTIMIZATION_LEVEL = "-O";
				VALIDATE_PRODUCT = YES;
			};
			name = Release;
		};
		BA4A1EE9294855C300AD3ADB /* Debug */ = {
			isa = XCBuildConfiguration;
			buildSettings = {
				ASSETCATALOG_COMPILER_APPICON_NAME = AppIcon;
				ASSETCATALOG_COMPILER_GLOBAL_ACCENT_COLOR_NAME = AccentColor;
				CODE_SIGN_STYLE = Automatic;
				CURRENT_PROJECT_VERSION = 1;
				DEVELOPMENT_ASSET_PATHS = "\"arwallpicture/Preview Content\"";
				DEVELOPMENT_TEAM = J5CY9Q9UP5;
				ENABLE_PREVIEWS = YES;
				GENERATE_INFOPLIST_FILE = YES;
				INFOPLIST_FILE = arwallpicture/Info.plist;
				INFOPLIST_KEY_CFBundleDisplayName = "AR Wall Picture";
				INFOPLIST_KEY_NSCameraUsageDescription = "AR requires a camera.";
				INFOPLIST_KEY_UIApplicationSceneManifest_Generation = YES;
				INFOPLIST_KEY_UIApplicationSupportsIndirectInputEvents = YES;
				INFOPLIST_KEY_UISupportedInterfaceOrientations_iPad = "UIInterfaceOrientationPortrait UIInterfaceOrientationPortraitUpsideDown UIInterfaceOrientationLandscapeLeft UIInterfaceOrientationLandscapeRight";
				INFOPLIST_KEY_UISupportedInterfaceOrientations_iPhone = "UIInterfaceOrientationPortrait UIInterfaceOrientationLandscapeLeft UIInterfaceOrientationLandscapeRight";
				IPHONEOS_DEPLOYMENT_TARGET = 16.0;
				LD_RUNPATH_SEARCH_PATHS = (
					"$(inherited)",
					"@executable_path/Frameworks",
				);
				MARKETING_VERSION = 1.0;
				PRODUCT_BUNDLE_IDENTIFIER = com.atarayosd.arwallpicture;
				PRODUCT_NAME = "$(TARGET_NAME)";
				SUPPORTED_PLATFORMS = "iphoneos iphonesimulator";
				SUPPORTS_MACCATALYST = NO;
				SUPPORTS_MAC_DESIGNED_FOR_IPHONE_IPAD = NO;
				SWIFT_EMIT_LOC_STRINGS = YES;
				SWIFT_VERSION = 5.0;
				TARGETED_DEVICE_FAMILY = "1,2";
			};
			name = Debug;
		};
		BA4A1EEA294855C300AD3ADB /* Release */ = {
			isa = XCBuildConfiguration;
			buildSettings = {
				ASSETCATALOG_COMPILER_APPICON_NAME = AppIcon;
				ASSETCATALOG_COMPILER_GLOBAL_ACCENT_COLOR_NAME = AccentColor;
				CODE_SIGN_STYLE = Automatic;
				CURRENT_PROJECT_VERSION = 1;
				DEVELOPMENT_ASSET_PATHS = "\"arwallpicture/Preview Content\"";
				DEVELOPMENT_TEAM = J5CY9Q9UP5;
				ENABLE_PREVIEWS = YES;
				GENERATE_INFOPLIST_FILE = YES;
				INFOPLIST_FILE = arwallpicture/Info.plist;
				INFOPLIST_KEY_CFBundleDisplayName = "AR Wall Picture";
				INFOPLIST_KEY_NSCameraUsageDescription = "AR requires a camera.";
				INFOPLIST_KEY_UIApplicationSceneManifest_Generation = YES;
				INFOPLIST_KEY_UIApplicationSupportsIndirectInputEvents = YES;
				INFOPLIST_KEY_UISupportedInterfaceOrientations_iPad = "UIInterfaceOrientationPortrait UIInterfaceOrientationPortraitUpsideDown UIInterfaceOrientationLandscapeLeft UIInterfaceOrientationLandscapeRight";
				INFOPLIST_KEY_UISupportedInterfaceOrientations_iPhone = "UIInterfaceOrientationPortrait UIInterfaceOrientationLandscapeLeft UIInterfaceOrientationLandscapeRight";
				IPHONEOS_DEPLOYMENT_TARGET = 16.0;
				LD_RUNPATH_SEARCH_PATHS = (
					"$(inherited)",
					"@executable_path/Frameworks",
				);
				MARKETING_VERSION = 1.0;
				PRODUCT_BUNDLE_IDENTIFIER = com.atarayosd.arwallpicture;
				PRODUCT_NAME = "$(TARGET_NAME)";
				SUPPORTED_PLATFORMS = "iphoneos iphonesimulator";
				SUPPORTS_MACCATALYST = NO;
				SUPPORTS_MAC_DESIGNED_FOR_IPHONE_IPAD = NO;
				SWIFT_EMIT_LOC_STRINGS = YES;
				SWIFT_VERSION = 5.0;
				TARGETED_DEVICE_FAMILY = "1,2";
			};
			name = Release;
		};
/* End XCBuildConfiguration section */

/* Begin XCConfigurationList section */
		BA4A1ED5294855C300AD3ADB /* Build configuration list for PBXProject "arwallpicture" */ = {
			isa = XCConfigurationList;
			buildConfigurations = (
				BA4A1EE6294855C300AD3ADB /* Debug */,
				BA4A1EE7294855C300AD3ADB /* Release */,
			);
			defaultConfigurationIsVisible = 0;
			defaultConfigurationName = Release;
		};
		BA4A1EE8294855C300AD3ADB /* Build configuration list for PBXNativeTarget "arwallpicture" */ = {
			isa = XCConfigurationList;
			buildConfigurations = (
				BA4A1EE9294855C300AD3ADB /* Debug */,
				BA4A1EEA294855C300AD3ADB /* Release */,
			);
			defaultConfigurationIsVisible = 0;
			defaultConfigurationName = Release;
		};
/* End XCConfigurationList section */
	};
	rootObject = BA4A1ED2294855C300AD3ADB /* Project object */;
}
